# Code generated by scarb DO NOT EDIT.
version = 1

[[package]]
name = "dependencies"
version = "0.1.0"
dependencies = [
 "fp",
 "snforge_std",
]

[[package]]
name = "fp"
version = "0.1.4"
source = "registry+https://scarbs.xyz/"
checksum = "sha256:f636c02dfcb0fd321cd865c3ef0d5d352c7e27e4e21a2c3ad5836ab0d2511236"

[[package]]
name = "snforge_scarb_plugin"
version = "0.39.0"
source = "registry+https://scarbs.xyz/"
checksum = "sha256:61ae2333de26d9e6e4b535916f8da7916bfd95c951c765c6fbd36038289a636c"

[[package]]
name = "snforge_std"
version = "0.39.0"
source = "registry+https://scarbs.xyz/"
checksum = "sha256:31f118f54e5d87393e50c07e8c052f03ff4af945a2b65b56e6edbd3b5b7fd127"
dependencies = [
 "snforge_scarb_plugin",
]
